
Microsoft Visual Studio Solution File, Format Version 12.00
# Visual Studio Version 17
VisualStudioVersion = 17.4.33122.133
MinimumVisualStudioVersion = 10.0.40219.1
Project("{FAE04EC0-301F-11D3-BF4B-00C04F79EFBC}") = "Event_Management", "Event_Management\Event_Management.csproj", "{FA8C8F13-24D1-457A-A504-EF466F5218DA}"
EndProject
Global
	GlobalSection(SolutionConfigurationPlatforms) = preSolution
		Debug|Any CPU = Debug|Any CPU
		Release|Any CPU = Release|Any CPU
	EndGlobalSection
	GlobalSection(ProjectConfigurationPlatforms) = postSolution
		{FA8C8F13-24D1-457A-A504-EF466F5218DA}.Debug|Any CPU.ActiveCfg = Debug|Any CPU
		{FA8C8F13-24D1-457A-A504-EF466F5218DA}.Debug|Any CPU.Build.0 = Debug|Any CPU
		{FA8C8F13-24D1-457A-A504-EF466F5218DA}.Release|Any CPU.ActiveCfg = Release|Any CPU
		{FA8C8F13-24D1-457A-A504-EF466F5218DA}.Release|Any CPU.Build.0 = Release|Any CPU
	EndGlobalSection
	GlobalSection(SolutionProperties) = preSolution
		HideSolutionNode = FALSE
	EndGlobalSection
	GlobalSection(ExtensibilityGlobals) = postSolution
		SolutionGuid = {14A75AC5-D882-4C30-887F-60817E8F911E}
	EndGlobalSection
EndGlobal
